{
  "nodes": {
    "hsdis-jdk22": {
      "inputs": {
        "nixpkgs": "nixpkgs"
      },
      "locked": {
        "lastModified": 1718138187,
        "narHash": "sha256-G/oBoREyTpXmlp5l4z2P92OrLTJ4JDwydZfS9jvtWVc=",
        "owner": "gmodena",
        "repo": "hsdis-jdk22",
        "rev": "33d381ca53a7131df0e9f9622f52a525b4d1d17b",
        "type": "github"
      },
      "original": {
        "owner": "gmodena",
        "repo": "hsdis-jdk22",
        "type": "github"
      }
    },
    "nixpkgs": {
      "locked": {
        "lastModified": 1716914467,
        "narHash": "sha256-KkT6YM/yNQqirtYj/frn6RRakliB8RDvGqVGGaNhdcU=",
        "owner": "NixOS",
        "repo": "nixpkgs",
        "rev": "4a3fc4cf736b7d2d288d7a8bf775ac8d4c0920b4",
        "type": "github"
      },
      "original": {
        "id": "nixpkgs",
        "ref": "nixpkgs-unstable",
        "type": "indirect"
      }
    },
    "nixpkgs_2": {
      "locked": {
        "lastModified": 1718089647,
        "narHash": "sha256-COO4Xk2EzlZ3x9KCiJildlAA6cYDSPlnY8ms7pKl2Iw=",
        "owner": "NixOS",
        "repo": "nixpkgs",
        "rev": "f7207adcc68d9cafa29e3cd252a18743ae512c6a",
        "type": "github"
      },
      "original": {
        "id": "nixpkgs",
        "ref": "nixpkgs-unstable",
        "type": "indirect"
      }
    },
    "root": {
      "inputs": {
        "hsdis-jdk22": "hsdis-jdk22",
        "nixpkgs": "nixpkgs_2"
      }
    }
  },
  "root": "root",
  "version": 7
}
